
Microsoft Visual Studio Solution File, Format Version 12.00
# Visual Studio Version 16
VisualStudioVersion = 16.0.29020.237
MinimumVisualStudioVersion = 10.0.40219.1
Project("{FAE04EC0-301F-11D3-BF4B-00C04F79EFBC}") = "EstoqueEntityModel", "EstoqueEntityModel\EstoqueEntityModel.csproj", "{9E9F741C-EF40-44FF-9EA7-7B4E54E7237A}"
EndProject
Project("{FAE04EC0-301F-11D3-BF4B-00C04F79EFBC}") = "ProdutosEstoqueService", "ProdutosEstoqueService\ProdutosEstoqueService.csproj", "{A5D1357C-C34A-4670-AE7A-FB3345768B8C}"
EndProject
Project("{FAE04EC0-301F-11D3-BF4B-00C04F79EFBC}") = "ProdutosEstoqueClient", "ProdutosEstoqueClient\ProdutosEstoqueClient.csproj", "{12CE5273-5FE0-4C16-BCC7-6572A6DCE1AC}"
	ProjectSection(ProjectDependencies) = postProject
		{A5D1357C-C34A-4670-AE7A-FB3345768B8C} = {A5D1357C-C34A-4670-AE7A-FB3345768B8C}
	EndProjectSection
EndProject
Project("{FAE04EC0-301F-11D3-BF4B-00C04F79EFBC}") = "ProdutosEstoqueLibrary", "ProdutosEstoqueLibrary\ProdutosEstoqueLibrary.csproj", "{E9EB57F3-C4D9-4188-A920-D797975DF4B3}"
EndProject
Project("{FAE04EC0-301F-11D3-BF4B-00C04F79EFBC}") = "ProdutosEstoqueServiceHost", "ProdutosEstoqueServiceHost\ProdutosEstoqueServiceHost.csproj", "{DBFE93DB-63F1-4A46-824E-DECE8EFDD35B}"
EndProject
Global
	GlobalSection(SolutionConfigurationPlatforms) = preSolution
		Debug|Any CPU = Debug|Any CPU
		Release|Any CPU = Release|Any CPU
	EndGlobalSection
	GlobalSection(ProjectConfigurationPlatforms) = postSolution
		{9E9F741C-EF40-44FF-9EA7-7B4E54E7237A}.Debug|Any CPU.ActiveCfg = Debug|Any CPU
		{9E9F741C-EF40-44FF-9EA7-7B4E54E7237A}.Debug|Any CPU.Build.0 = Debug|Any CPU
		{9E9F741C-EF40-44FF-9EA7-7B4E54E7237A}.Release|Any CPU.ActiveCfg = Release|Any CPU
		{9E9F741C-EF40-44FF-9EA7-7B4E54E7237A}.Release|Any CPU.Build.0 = Release|Any CPU
		{A5D1357C-C34A-4670-AE7A-FB3345768B8C}.Debug|Any CPU.ActiveCfg = Debug|Any CPU
		{A5D1357C-C34A-4670-AE7A-FB3345768B8C}.Debug|Any CPU.Build.0 = Debug|Any CPU
		{A5D1357C-C34A-4670-AE7A-FB3345768B8C}.Release|Any CPU.ActiveCfg = Release|Any CPU
		{A5D1357C-C34A-4670-AE7A-FB3345768B8C}.Release|Any CPU.Build.0 = Release|Any CPU
		{12CE5273-5FE0-4C16-BCC7-6572A6DCE1AC}.Debug|Any CPU.ActiveCfg = Debug|Any CPU
		{12CE5273-5FE0-4C16-BCC7-6572A6DCE1AC}.Debug|Any CPU.Build.0 = Debug|Any CPU
		{12CE5273-5FE0-4C16-BCC7-6572A6DCE1AC}.Release|Any CPU.ActiveCfg = Release|Any CPU
		{12CE5273-5FE0-4C16-BCC7-6572A6DCE1AC}.Release|Any CPU.Build.0 = Release|Any CPU
		{E9EB57F3-C4D9-4188-A920-D797975DF4B3}.Debug|Any CPU.ActiveCfg = Debug|Any CPU
		{E9EB57F3-C4D9-4188-A920-D797975DF4B3}.Debug|Any CPU.Build.0 = Debug|Any CPU
		{E9EB57F3-C4D9-4188-A920-D797975DF4B3}.Release|Any CPU.ActiveCfg = Release|Any CPU
		{E9EB57F3-C4D9-4188-A920-D797975DF4B3}.Release|Any CPU.Build.0 = Release|Any CPU
		{DBFE93DB-63F1-4A46-824E-DECE8EFDD35B}.Debug|Any CPU.ActiveCfg = Debug|Any CPU
		{DBFE93DB-63F1-4A46-824E-DECE8EFDD35B}.Debug|Any CPU.Build.0 = Debug|Any CPU
		{DBFE93DB-63F1-4A46-824E-DECE8EFDD35B}.Release|Any CPU.ActiveCfg = Release|Any CPU
		{DBFE93DB-63F1-4A46-824E-DECE8EFDD35B}.Release|Any CPU.Build.0 = Release|Any CPU
	EndGlobalSection
	GlobalSection(SolutionProperties) = preSolution
		HideSolutionNode = FALSE
	EndGlobalSection
	GlobalSection(ExtensibilityGlobals) = postSolution
		SolutionGuid = {311C8870-D23D-42BA-A782-D22397F19987}
	EndGlobalSection
EndGlobal
